// !$*UTF8*$!
{
	archiveVersion = 1;
	classes = {
	};
	objectVersion = 46;
	objects = {

/* Begin PBXBuildFile section */
		FF8669A61994DC1C00428C7C /* main.m in Sources */ = {isa = PBXBuildFile; fileRef = FF8669A51994DC1C00428C7C /* main.m */; };
		FF8669A91994DC1C00428C7C /* AppDelegate.m in Sources */ = {isa = PBXBuildFile; fileRef = FF8669A81994DC1C00428C7C /* AppDelegate.m */; };
		FF8669AC1994DC1C00428C7C /* ViewController.m in Sources */ = {isa = PBXBuildFile; fileRef = FF8669AB1994DC1C00428C7C /* ViewController.m */; };
		FF8669AF1994DC1C00428C7C /* Main.storyboard in Resources */ = {isa = PBXBuildFile; fileRef = FF8669AD1994DC1C00428C7C /* Main.storyboard */; };
		FF8669B11994DC1C00428C7C /* Images.xcassets in Resources */ = {isa = PBXBuildFile; fileRef = FF8669B01994DC1C00428C7C /* Images.xcassets */; };
		FF8669BD1994DC1D00428C7C /* RadialMenuInObjCTests.m in Sources */ = {isa = PBXBuildFile; fileRef = FF8669BC1994DC1D00428C7C /* RadialMenuInObjCTests.m */; };
/* End PBXBuildFile section */

/* Begin PBXContainerItemProxy section */
		FF8669B71994DC1D00428C7C /* PBXContainerItemProxy */ = {
			isa = PBXContainerItemProxy;
			containerPortal = FF8669981994DC1C00428C7C /* Project object */;
			proxyType = 1;
			remoteGlobalIDString = FF86699F1994DC1C00428C7C;
			remoteInfo = RadialMenuInObjC;
		};
/* End PBXContainerItemProxy section */

/* Begin PBXFileReference section */
		FF8669A01994DC1C00428C7C /* RadialMenuInObjC.app */ = {isa = PBXFileReference; explicitFileType = wrapper.application; includeInIndex = 0; path = RadialMenuInObjC.app; sourceTree = BUILT_PRODUCTS_DIR; };
		FF8669A41994DC1C00428C7C /* Info.plist */ = {isa = PBXFileReference; lastKnownFileType = text.plist.xml; path = Info.plist; sourceTree = "<group>"; };
		FF8669A51994DC1C00428C7C /* main.m */ = {isa = PBXFileReference; lastKnownFileType = sourcecode.c.objc; path = main.m; sourceTree = "<group>"; };
		FF8669A71994DC1C00428C7C /* AppDelegate.h */ = {isa = PBXFileReference; lastKnownFileType = sourcecode.c.h; path = AppDelegate.h; sourceTree = "<group>"; };
		FF8669A81994DC1C00428C7C /* AppDelegate.m */ = {isa = PBXFileReference; lastKnownFileType = sourcecode.c.objc; path = AppDelegate.m; sourceTree = "<group>"; };
		FF8669AA1994DC1C00428C7C /* ViewController.h */ = {isa = PBXFileReference; lastKnownFileType = sourcecode.c.h; path = ViewController.h; sourceTree = "<group>"; };
		FF8669AB1994DC1C00428C7C /* ViewController.m */ = {isa = PBXFileReference; lastKnownFileType = sourcecode.c.objc; path = ViewController.m; sourceTree = "<group>"; };
		FF8669AE1994DC1C00428C7C /* Base */ = {isa = PBXFileReference; lastKnownFileType = file.storyboard; name = Base; path = Base.lproj/Main.storyboard; sourceTree = "<group>"; };
		FF8669B01994DC1C00428C7C /* Images.xcassets */ = {isa = PBXFileReference; lastKnownFileType = folder.assetcatalog; path = Images.xcassets; sourceTree = "<group>"; };
		FF8669B61994DC1D00428C7C /* RadialMenuInObjCTests.xctest */ = {isa = PBXFileReference; explicitFileType = wrapper.cfbundle; includeInIndex = 0; path = RadialMenuInObjCTests.xctest; sourceTree = BUILT_PRODUCTS_DIR; };
		FF8669BB1994DC1D00428C7C /* Info.plist */ = {isa = PBXFileReference; lastKnownFileType = text.plist.xml; path = Info.plist; sourceTree = "<group>"; };
		FF8669BC1994DC1D00428C7C /* RadialMenuInObjCTests.m */ = {isa = PBXFileReference; lastKnownFileType = sourcecode.c.objc; path = RadialMenuInObjCTests.m; sourceTree = "<group>"; };
/* End PBXFileReference section */

/* Begin PBXFrameworksBuildPhase section */
		FF86699D1994DC1C00428C7C /* Frameworks */ = {
			isa = PBXFrameworksBuildPhase;
			buildActionMask = 2147483647;
			files = (
			);
			runOnlyForDeploymentPostprocessing = 0;
		};
		FF8669B31994DC1D00428C7C /* Frameworks */ = {
			isa = PBXFrameworksBuildPhase;
			buildActionMask = 2147483647;
			files = (
			);
			runOnlyForDeploymentPostprocessing = 0;
		};
/* End PBXFrameworksBuildPhase section */

/* Begin PBXGroup section */
		FF8669971994DC1C00428C7C = {
			isa = PBXGroup;
			children = (
				FF8669A21994DC1C00428C7C /* RadialMenuInObjC */,
				FF8669B91994DC1D00428C7C /* RadialMenuInObjCTests */,
				FF8669A11994DC1C00428C7C /* Products */,
			);
			sourceTree = "<group>";
		};
		FF8669A11994DC1C00428C7C /* Products */ = {
			isa = PBXGroup;
			children = (
				FF8669A01994DC1C00428C7C /* RadialMenuInObjC.app */,
				FF8669B61994DC1D00428C7C /* RadialMenuInObjCTests.xctest */,
			);
			name = Products;
			sourceTree = "<group>";
		};
		FF8669A21994DC1C00428C7C /* RadialMenuInObjC */ = {
			isa = PBXGroup;
			children = (
				FF8669A71994DC1C00428C7C /* AppDelegate.h */,
				FF8669A81994DC1C00428C7C /* AppDelegate.m */,
				FF8669AA1994DC1C00428C7C /* ViewController.h */,
				FF8669AB1994DC1C00428C7C /* ViewController.m */,
				FF8669AD1994DC1C00428C7C /* Main.storyboard */,
				FF8669B01994DC1C00428C7C /* Images.xcassets */,
				FF8669A31994DC1C00428C7C /* Supporting Files */,
			);
			path = RadialMenuInObjC;
			sourceTree = "<group>";
		};
		FF8669A31994DC1C00428C7C /* Supporting Files */ = {
			isa = PBXGroup;
			children = (
				FF8669A41994DC1C00428C7C /* Info.plist */,
				FF8669A51994DC1C00428C7C /* main.m */,
			);
			name = "Supporting Files";
			sourceTree = "<group>";
		};
		FF8669B91994DC1D00428C7C /* RadialMenuInObjCTests */ = {
			isa = PBXGroup;
			children = (
				FF8669BC1994DC1D00428C7C /* RadialMenuInObjCTests.m */,
				FF8669BA1994DC1D00428C7C /* Supporting Files */,
			);
			path = RadialMenuInObjCTests;
			sourceTree = "<group>";
		};
		FF8669BA1994DC1D00428C7C /* Supporting Files */ = {
			isa = PBXGroup;
			children = (
				FF8669BB1994DC1D00428C7C /* Info.plist */,
			);
			name = "Supporting Files";
			sourceTree = "<group>";
		};
/* End PBXGroup section */

/* Begin PBXNativeTarget section */
		FF86699F1994DC1C00428C7C /* RadialMenuInObjC */ = {
			isa = PBXNativeTarget;
			buildConfigurationList = FF8669C01994DC1D00428C7C /* Build configuration list for PBXNativeTarget "RadialMenuInObjC" */;
			buildPhases = (
				FF86699C1994DC1C00428C7C /* Sources */,
				FF86699D1994DC1C00428C7C /* Frameworks */,
				FF86699E1994DC1C00428C7C /* Resources */,
			);
			buildRules = (
			);
			dependencies = (
			);
			name = RadialMenuInObjC;
			productName = RadialMenuInObjC;
			productReference = FF8669A01994DC1C00428C7C /* RadialMenuInObjC.app */;
			productType = "com.apple.product-type.application";
		};
		FF8669B51994DC1D00428C7C /* RadialMenuInObjCTests */ = {
			isa = PBXNativeTarget;
			buildConfigurationList = FF8669C31994DC1D00428C7C /* Build configuration list for PBXNativeTarget "RadialMenuInObjCTests" */;
			buildPhases = (
				FF8669B21994DC1D00428C7C /* Sources */,
				FF8669B31994DC1D00428C7C /* Frameworks */,
				FF8669B41994DC1D00428C7C /* Resources */,
			);
			buildRules = (
			);
			dependencies = (
				FF8669B81994DC1D00428C7C /* PBXTargetDependency */,
			);
			name = RadialMenuInObjCTests;
			productName = RadialMenuInObjCTests;
			productReference = FF8669B61994DC1D00428C7C /* RadialMenuInObjCTests.xctest */;
			productType = "com.apple.product-type.bundle.unit-test";
		};
/* End PBXNativeTarget section */

/* Begin PBXProject section */
		FF8669981994DC1C00428C7C /* Project object */ = {
			isa = PBXProject;
			attributes = {
				LastUpgradeCheck = 0600;
				ORGANIZATIONNAME = RapidValue;
				TargetAttributes = {
					FF86699F1994DC1C00428C7C = {
						CreatedOnToolsVersion = 6.0;
					};
					FF8669B51994DC1D00428C7C = {
						CreatedOnToolsVersion = 6.0;
						TestTargetID = FF86699F1994DC1C00428C7C;
					};
				};
			};
			buildConfigurationList = FF86699B1994DC1C00428C7C /* Build configuration list for PBXProject "RadialMenuInObjC" */;
			compatibilityVersion = "Xcode 3.2";
			developmentRegion = English;
			hasScannedForEncodings = 0;
			knownRegions = (
				en,
				Base,
			);
			mainGroup = FF8669971994DC1C00428C7C;
			productRefGroup = FF8669A11994DC1C00428C7C /* Products */;
			projectDirPath = "";
			projectRoot = "";
			targets = (
				FF86699F1994DC1C00428C7C /* RadialMenuInObjC */,
				FF8669B51994DC1D00428C7C /* RadialMenuInObjCTests */,
			);
		};
/* End PBXProject section */

/* Begin PBXResourcesBuildPhase section */
		FF86699E1994DC1C00428C7C /* Resources */ = {
			isa = PBXResourcesBuildPhase;
			buildActionMask = 2147483647;
			files = (
				FF8669AF1994DC1C00428C7C /* Main.storyboard in Resources */,
				FF8669B11994DC1C00428C7C /* Images.xcassets in Resources */,
			);
			runOnlyForDeploymentPostprocessing = 0;
		};
		FF8669B41994DC1D00428C7C /* Resources */ = {
			isa = PBXResourcesBuildPhase;
			buildActionMask = 2147483647;
			files = (
			);
			runOnlyForDeploymentPostprocessing = 0;
		};
/* End PBXResourcesBuildPhase section */

/* Begin PBXSourcesBuildPhase section */
		FF86699C1994DC1C00428C7C /* Sources */ = {
			isa = PBXSourcesBuildPhase;
			buildActionMask = 2147483647;
			files = (
				FF8669AC1994DC1C00428C7C /* ViewController.m in Sources */,
				FF8669A91994DC1C00428C7C /* AppDelegate.m in Sources */,
				FF8669A61994DC1C00428C7C /* main.m in Sources */,
			);
			runOnlyForDeploymentPostprocessing = 0;
		};
		FF8669B21994DC1D00428C7C /* Sources */ = {
			isa = PBXSourcesBuildPhase;
			buildActionMask = 2147483647;
			files = (
				FF8669BD1994DC1D00428C7C /* RadialMenuInObjCTests.m in Sources */,
			);
			runOnlyForDeploymentPostprocessing = 0;
		};
/* End PBXSourcesBuildPhase section */

/* Begin PBXTargetDependency section */
		FF8669B81994DC1D00428C7C /* PBXTargetDependency */ = {
			isa = PBXTargetDependency;
			target = FF86699F1994DC1C00428C7C /* RadialMenuInObjC */;
			targetProxy = FF8669B71994DC1D00428C7C /* PBXContainerItemProxy */;
		};
/* End PBXTargetDependency section */

/* Begin PBXVariantGroup section */
		FF8669AD1994DC1C00428C7C /* Main.storyboard */ = {
			isa = PBXVariantGroup;
			children = (
				FF8669AE1994DC1C00428C7C /* Base */,
			);
			name = Main.storyboard;
			sourceTree = "<group>";
		};
/* End PBXVariantGroup section */

/* Begin XCBuildConfiguration section */
		FF8669BE1994DC1D00428C7C /* Debug */ = {
			isa = XCBuildConfiguration;
			buildSettings = {
				ALWAYS_SEARCH_USER_PATHS = NO;
				CLANG_CXX_LANGUAGE_STANDARD = "gnu++0x";
				CLANG_CXX_LIBRARY = "libc++";
				CLANG_ENABLE_MODULES = YES;
				CLANG_ENABLE_OBJC_ARC = YES;
				CLANG_WARN_BOOL_CONVERSION = YES;
				CLANG_WARN_CONSTANT_CONVERSION = YES;
				CLANG_WARN_DIRECT_OBJC_ISA_USAGE = YES_ERROR;
				CLANG_WARN_EMPTY_BODY = YES;
				CLANG_WARN_ENUM_CONVERSION = YES;
				CLANG_WARN_INT_CONVERSION = YES;
				CLANG_WARN_OBJC_ROOT_CLASS = YES_ERROR;
				CLANG_WARN_UNREACHABLE_CODE = YES;
				CLANG_WARN__DUPLICATE_METHOD_MATCH = YES;
				"CODE_SIGN_IDENTITY[sdk=iphoneos*]" = "iPhone Developer";
				COPY_PHASE_STRIP = NO;
				ENABLE_STRICT_OBJC_MSGSEND = YES;
				GCC_C_LANGUAGE_STANDARD = gnu99;
				GCC_DYNAMIC_NO_PIC = NO;
				GCC_OPTIMIZATION_LEVEL = 0;
				GCC_PREPROCESSOR_DEFINITIONS = (
					"DEBUG=1",
					"$(inherited)",
				);
				GCC_SYMBOLS_PRIVATE_EXTERN = NO;
				GCC_WARN_64_TO_32_BIT_CONVERSION = YES;
				GCC_WARN_ABOUT_RETURN_TYPE = YES_ERROR;
				GCC_WARN_UNDECLARED_SELECTOR = YES;
				GCC_WARN_UNINITIALIZED_AUTOS = YES_AGGRESSIVE;
				GCC_WARN_UNUSED_FUNCTION = YES;
				GCC_WARN_UNUSED_VARIABLE = YES;
				IPHONEOS_DEPLOYMENT_TARGET = 8.0;
				MTL_ENABLE_DEBUG_INFO = YES;
				ONLY_ACTIVE_ARCH = YES;
				SDKROOT = iphoneos;
			};
			name = Debug;
		};
		FF8669BF1994DC1D00428C7C /* Release */ = {
			isa = XCBuildConfiguration;
			buildSettings = {
				ALWAYS_SEARCH_USER_PATHS = NO;
				CLANG_CXX_LANGUAGE_STANDARD = "gnu++0x";
				CLANG_CXX_LIBRARY = "libc++";
				CLANG_ENABLE_MODULES = YES;
				CLANG_ENABLE_OBJC_ARC = YES;
				CLANG_WARN_BOOL_CONVERSION = YES;
				CLANG_WARN_CONSTANT_CONVERSION = YES;
				CLANG_WARN_DIRECT_OBJC_ISA_USAGE = YES_ERROR;
				CLANG_WARN_EMPTY_BODY = YES;
				CLANG_WARN_ENUM_CONVERSION = YES;
				CLANG_WARN_INT_CONVERSION = YES;
				CLANG_WARN_OBJC_ROOT_CLASS = YES_ERROR;
				CLANG_WARN_UNREACHABLE_CODE = YES;
				CLANG_WARN__DUPLICATE_METHOD_MATCH = YES;
				"CODE_SIGN_IDENTITY[sdk=iphoneos*]" = "iPhone Developer";
				COPY_PHASE_STRIP = YES;
				ENABLE_NS_ASSERTIONS = NO;
				ENABLE_STRICT_OBJC_MSGSEND = YES;
				GCC_C_LANGUAGE_STANDARD = gnu99;
				GCC_WARN_64_TO_32_BIT_CONVERSION = YES;
				GCC_WARN_ABOUT_RETURN_TYPE = YES_ERROR;
				GCC_WARN_UNDECLARED_SELECTOR = YES;
				GCC_WARN_UNINITIALIZED_AUTOS = YES_AGGRESSIVE;
				GCC_WARN_UNUSED_FUNCTION = YES;
				GCC_WARN_UNUSED_VARIABLE = YES;
				IPHONEOS_DEPLOYMENT_TARGET = 8.0;
				MTL_ENABLE_DEBUG_INFO = NO;
				SDKROOT = iphoneos;
				VALIDATE_PRODUCT = YES;
			};
			name = Release;
		};
		FF8669C11994DC1D00428C7C /* Debug */ = {
			isa = XCBuildConfiguration;
			buildSettings = {
				ASSETCATALOG_COMPILER_APPICON_NAME = AppIcon;
				ASSETCATALOG_COMPILER_LAUNCHIMAGE_NAME = LaunchImage;
				INFOPLIST_FILE = RadialMenuInObjC/Info.plist;
				LD_RUNPATH_SEARCH_PATHS = "$(inherited) @executable_path/Frameworks";
				PRODUCT_NAME = "$(TARGET_NAME)";
			};
			name = Debug;
		};
		FF8669C21994DC1D00428C7C /* Release */ = {
			isa = XCBuildConfiguration;
			buildSettings = {
				ASSETCATALOG_COMPILER_APPICON_NAME = AppIcon;
				ASSETCATALOG_COMPILER_LAUNCHIMAGE_NAME = LaunchImage;
				INFOPLIST_FILE = RadialMenuInObjC/Info.plist;
				LD_RUNPATH_SEARCH_PATHS = "$(inherited) @executable_path/Frameworks";
				PRODUCT_NAME = "$(TARGET_NAME)";
			};
			name = Release;
		};
		FF8669C41994DC1D00428C7C /* Debug */ = {
			isa = XCBuildConfiguration;
			buildSettings = {
				BUNDLE_LOADER = "$(TEST_HOST)";
				FRAMEWORK_SEARCH_PATHS = (
					"$(SDKROOT)/Developer/Library/Frameworks",
					"$(inherited)",
				);
				GCC_PREPROCESSOR_DEFINITIONS = (
					"DEBUG=1",
					"$(inherited)",
				);
				INFOPLIST_FILE = RadialMenuInObjCTests/Info.plist;
				LD_RUNPATH_SEARCH_PATHS = "$(inherited) @executable_path/Frameworks @loader_path/Frameworks";
				PRODUCT_NAME = "$(TARGET_NAME)";
				TEST_HOST = "$(BUILT_PRODUCTS_DIR)/RadialMenuInObjC.app/RadialMenuInObjC";
			};
			name = Debug;
		};
		FF8669C51994DC1D00428C7C /* Release */ = {
			isa = XCBuildConfiguration;
			buildSettings = {
				BUNDLE_LOADER = "$(TEST_HOST)";
				FRAMEWORK_SEARCH_PATHS = (
					"$(SDKROOT)/Developer/Library/Frameworks",
					"$(inherited)",
				);
				INFOPLIST_FILE = RadialMenuInObjCTests/Info.plist;
				LD_RUNPATH_SEARCH_PATHS = "$(inherited) @executable_path/Frameworks @loader_path/Frameworks";
				PRODUCT_NAME = "$(TARGET_NAME)";
				TEST_HOST = "$(BUILT_PRODUCTS_DIR)/RadialMenuInObjC.app/RadialMenuInObjC";
			};
			name = Release;
		};
/* End XCBuildConfiguration section */

/* Begin XCConfigurationList section */
		FF86699B1994DC1C00428C7C /* Build configuration list for PBXProject "RadialMenuInObjC" */ = {
			isa = XCConfigurationList;
			buildConfigurations = (
				FF8669BE1994DC1D00428C7C /* Debug */,
				FF8669BF1994DC1D00428C7C /* Release */,
			);
			defaultConfigurationIsVisible = 0;
			defaultConfigurationName = Release;
		};
		FF8669C01994DC1D00428C7C /* Build configuration list for PBXNativeTarget "RadialMenuInObjC" */ = {
			isa = XCConfigurationList;
			buildConfigurations = (
				FF8669C11994DC1D00428C7C /* Debug */,
				FF8669C21994DC1D00428C7C /* Release */,
			);
			defaultConfigurationIsVisible = 0;
		};
		FF8669C31994DC1D00428C7C /* Build configuration list for PBXNativeTarget "RadialMenuInObjCTests" */ = {
			isa = XCConfigurationList;
			buildConfigurations = (
				FF8669C41994DC1D00428C7C /* Debug */,
				FF8669C51994DC1D00428C7C /* Release */,
			);
			defaultConfigurationIsVisible = 0;
		};
/* End XCConfigurationList section */
	};
	rootObject = FF8669981994DC1C00428C7C /* Project object */;
}
