// !$*UTF8*$!
{
	archiveVersion = 1;
	classes = {
	};
	objectVersion = 46;
	objects = {

/* Begin PBXBuildFile section */
		FF8669A61994DC1C00428C7C /* main.m in Sources */ = {isa = PBXBuildFile; fileRef = FF8669A51994DC1C00428C7C /* main.m */; };
		FF8669A91994DC1C00428C7C /* AppDelegate.m in Sources */ = {isa = PBXBuildFile; fileRef = FF8669A81994DC1C00428C7C /* AppDelegate.m */; };
		FF8669AC1994DC1C00428C7C /* ViewController.m in Sources */ = {isa = PBXBuildFile; fileRef = FF8669AB1994DC1C00428C7C /* ViewController.m */; };
		FF8669B11994DC1C00428C7C /* Images.xcassets in Resources */ = {isa = PBXBuildFile; fileRef = FF8669B01994DC1C00428C7C /* Images.xcassets */; };
		FF8669BD1994DC1D00428C7C /* RadialMenuInObjCTests.m in Sources */ = {isa = PBXBuildFile; fileRef = FF8669BC1994DC1D00428C7C /* RadialMenuInObjCTests.m */; };
		FF8669CF1994E00300428C7C /* RadialMenu.m in Sources */ = {isa = PBXBuildFile; fileRef = FF8669CE1994E00300428C7C /* RadialMenu.m */; };
		FF8669D21994E1D100428C7C /* SegmentDetail.m in Sources */ = {isa = PBXBuildFile; fileRef = FF8669D11994E1D100428C7C /* SegmentDetail.m */; };
		FF8669DF1994E34800428C7C /* bg.png in Resources */ = {isa = PBXBuildFile; fileRef = FF8669D41994E34800428C7C /* bg.png */; };
		FF8669E01994E34800428C7C /* centerButton.png in Resources */ = {isa = PBXBuildFile; fileRef = FF8669D51994E34800428C7C /* centerButton.png */; };
		FF8669E11994E34800428C7C /* icon0.png in Resources */ = {isa = PBXBuildFile; fileRef = FF8669D61994E34800428C7C /* icon0.png */; };
		FF8669E21994E34800428C7C /* icon1.png in Resources */ = {isa = PBXBuildFile; fileRef = FF8669D71994E34800428C7C /* icon1.png */; };
		FF8669E31994E34800428C7C /* icon2.png in Resources */ = {isa = PBXBuildFile; fileRef = FF8669D81994E34800428C7C /* icon2.png */; };
		FF8669E41994E34800428C7C /* icon3.png in Resources */ = {isa = PBXBuildFile; fileRef = FF8669D91994E34800428C7C /* icon3.png */; };
		FF8669E51994E34800428C7C /* icon4.png in Resources */ = {isa = PBXBuildFile; fileRef = FF8669DA1994E34800428C7C /* icon4.png */; };
		FF8669E61994E34800428C7C /* icon5.png in Resources */ = {isa = PBXBuildFile; fileRef = FF8669DB1994E34800428C7C /* icon5.png */; };
		FF8669E71994E34800428C7C /* icon6.png in Resources */ = {isa = PBXBuildFile; fileRef = FF8669DC1994E34800428C7C /* icon6.png */; };
		FF8669E81994E34800428C7C /* icon7.png in Resources */ = {isa = PBXBuildFile; fileRef = FF8669DD1994E34800428C7C /* icon7.png */; };
		FF8669E91994E34800428C7C /* segment.png in Resources */ = {isa = PBXBuildFile; fileRef = FF8669DE1994E34800428C7C /* segment.png */; };
		FF8669EB1994F07C00428C7C /* segmentBig.png in Resources */ = {isa = PBXBuildFile; fileRef = FF8669EA1994F07C00428C7C /* segmentBig.png */; };
		FF8669F31994FBBA00428C7C /* ViewController.xib in Resources */ = {isa = PBXBuildFile; fileRef = FF8669F21994FBBA00428C7C /* ViewController.xib */; };
		FF8669F619950B3B00428C7C /* SectorImageView.m in Sources */ = {isa = PBXBuildFile; fileRef = FF8669F519950B3B00428C7C /* SectorImageView.m */; };
		FF86EE331998A28E00317CC7 /* RadialMenuContainer.m in Sources */ = {isa = PBXBuildFile; fileRef = FF86EE321998A28E00317CC7 /* RadialMenuContainer.m */; };
		FF86EE351998BFBC00317CC7 /* segmentBigger.png in Resources */ = {isa = PBXBuildFile; fileRef = FF86EE341998BFBC00317CC7 /* segmentBigger.png */; };
		FFFEDBA6199A1F8B0056BAED /* segment01.png in Resources */ = {isa = PBXBuildFile; fileRef = FFFEDBA3199A1F8B0056BAED /* segment01.png */; };
		FFFEDBA7199A1F8B0056BAED /* segment02.png in Resources */ = {isa = PBXBuildFile; fileRef = FFFEDBA4199A1F8B0056BAED /* segment02.png */; };
		FFFEDBA8199A1F8B0056BAED /* segment03.png in Resources */ = {isa = PBXBuildFile; fileRef = FFFEDBA5199A1F8B0056BAED /* segment03.png */; };
		FFFEDBAC199A35370056BAED /* segment03-active.png in Resources */ = {isa = PBXBuildFile; fileRef = FFFEDBA9199A35370056BAED /* segment03-active.png */; };
		FFFEDBAD199A35370056BAED /* segment02-active.png in Resources */ = {isa = PBXBuildFile; fileRef = FFFEDBAA199A35370056BAED /* segment02-active.png */; };
		FFFEDBAE199A35370056BAED /* segment01-active.png in Resources */ = {isa = PBXBuildFile; fileRef = FFFEDBAB199A35370056BAED /* segment01-active.png */; };
/* End PBXBuildFile section */

/* Begin PBXContainerItemProxy section */
		FF8669B71994DC1D00428C7C /* PBXContainerItemProxy */ = {
			isa = PBXContainerItemProxy;
			containerPortal = FF8669981994DC1C00428C7C /* Project object */;
			proxyType = 1;
			remoteGlobalIDString = FF86699F1994DC1C00428C7C;
			remoteInfo = RadialMenuInObjC;
		};
/* End PBXContainerItemProxy section */

/* Begin PBXFileReference section */
		FF28F186199B786C00C2CD80 /* SenTestingKit.framework */ = {isa = PBXFileReference; lastKnownFileType = wrapper.framework; name = SenTestingKit.framework; path = Library/Frameworks/SenTestingKit.framework; sourceTree = DEVELOPER_DIR; };
		FF8669A01994DC1C00428C7C /* RadialMenuInObjC.app */ = {isa = PBXFileReference; explicitFileType = wrapper.application; includeInIndex = 0; path = RadialMenuInObjC.app; sourceTree = BUILT_PRODUCTS_DIR; };
		FF8669A41994DC1C00428C7C /* Info.plist */ = {isa = PBXFileReference; lastKnownFileType = text.plist.xml; path = Info.plist; sourceTree = "<group>"; };
		FF8669A51994DC1C00428C7C /* main.m */ = {isa = PBXFileReference; lastKnownFileType = sourcecode.c.objc; path = main.m; sourceTree = "<group>"; };
		FF8669A71994DC1C00428C7C /* AppDelegate.h */ = {isa = PBXFileReference; lastKnownFileType = sourcecode.c.h; path = AppDelegate.h; sourceTree = "<group>"; };
		FF8669A81994DC1C00428C7C /* AppDelegate.m */ = {isa = PBXFileReference; lastKnownFileType = sourcecode.c.objc; path = AppDelegate.m; sourceTree = "<group>"; };
		FF8669AA1994DC1C00428C7C /* ViewController.h */ = {isa = PBXFileReference; lastKnownFileType = sourcecode.c.h; path = ViewController.h; sourceTree = "<group>"; };
		FF8669AB1994DC1C00428C7C /* ViewController.m */ = {isa = PBXFileReference; lastKnownFileType = sourcecode.c.objc; path = ViewController.m; sourceTree = "<group>"; };
		FF8669B01994DC1C00428C7C /* Images.xcassets */ = {isa = PBXFileReference; lastKnownFileType = folder.assetcatalog; path = Images.xcassets; sourceTree = "<group>"; };
		FF8669B61994DC1D00428C7C /* RadialMenuInObjCTests.xctest */ = {isa = PBXFileReference; explicitFileType = wrapper.cfbundle; includeInIndex = 0; path = RadialMenuInObjCTests.xctest; sourceTree = BUILT_PRODUCTS_DIR; };
		FF8669BB1994DC1D00428C7C /* Info.plist */ = {isa = PBXFileReference; lastKnownFileType = text.plist.xml; path = Info.plist; sourceTree = "<group>"; };
		FF8669BC1994DC1D00428C7C /* RadialMenuInObjCTests.m */ = {isa = PBXFileReference; lastKnownFileType = sourcecode.c.objc; path = RadialMenuInObjCTests.m; sourceTree = "<group>"; };
		FF8669CD1994E00300428C7C /* RadialMenu.h */ = {isa = PBXFileReference; fileEncoding = 4; lastKnownFileType = sourcecode.c.h; path = RadialMenu.h; sourceTree = "<group>"; };
		FF8669CE1994E00300428C7C /* RadialMenu.m */ = {isa = PBXFileReference; fileEncoding = 4; lastKnownFileType = sourcecode.c.objc; path = RadialMenu.m; sourceTree = "<group>"; };
		FF8669D01994E1D100428C7C /* SegmentDetail.h */ = {isa = PBXFileReference; fileEncoding = 4; lastKnownFileType = sourcecode.c.h; path = SegmentDetail.h; sourceTree = "<group>"; };
		FF8669D11994E1D100428C7C /* SegmentDetail.m */ = {isa = PBXFileReference; fileEncoding = 4; lastKnownFileType = sourcecode.c.objc; path = SegmentDetail.m; sourceTree = "<group>"; };
		FF8669D41994E34800428C7C /* bg.png */ = {isa = PBXFileReference; lastKnownFileType = image.png; path = bg.png; sourceTree = "<group>"; };
		FF8669D51994E34800428C7C /* centerButton.png */ = {isa = PBXFileReference; lastKnownFileType = image.png; path = centerButton.png; sourceTree = "<group>"; };
		FF8669D61994E34800428C7C /* icon0.png */ = {isa = PBXFileReference; lastKnownFileType = image.png; path = icon0.png; sourceTree = "<group>"; };
		FF8669D71994E34800428C7C /* icon1.png */ = {isa = PBXFileReference; lastKnownFileType = image.png; path = icon1.png; sourceTree = "<group>"; };
		FF8669D81994E34800428C7C /* icon2.png */ = {isa = PBXFileReference; lastKnownFileType = image.png; path = icon2.png; sourceTree = "<group>"; };
		FF8669D91994E34800428C7C /* icon3.png */ = {isa = PBXFileReference; lastKnownFileType = image.png; path = icon3.png; sourceTree = "<group>"; };
		FF8669DA1994E34800428C7C /* icon4.png */ = {isa = PBXFileReference; lastKnownFileType = image.png; path = icon4.png; sourceTree = "<group>"; };
		FF8669DB1994E34800428C7C /* icon5.png */ = {isa = PBXFileReference; lastKnownFileType = image.png; path = icon5.png; sourceTree = "<group>"; };
		FF8669DC1994E34800428C7C /* icon6.png */ = {isa = PBXFileReference; lastKnownFileType = image.png; path = icon6.png; sourceTree = "<group>"; };
		FF8669DD1994E34800428C7C /* icon7.png */ = {isa = PBXFileReference; lastKnownFileType = image.png; path = icon7.png; sourceTree = "<group>"; };
		FF8669DE1994E34800428C7C /* segment.png */ = {isa = PBXFileReference; lastKnownFileType = image.png; path = segment.png; sourceTree = "<group>"; };
		FF8669EA1994F07C00428C7C /* segmentBig.png */ = {isa = PBXFileReference; lastKnownFileType = image.png; path = segmentBig.png; sourceTree = "<group>"; };
		FF8669F21994FBBA00428C7C /* ViewController.xib */ = {isa = PBXFileReference; fileEncoding = 4; lastKnownFileType = file.xib; name = ViewController.xib; path = ../ViewController.xib; sourceTree = "<group>"; };
		FF8669F419950B3B00428C7C /* SectorImageView.h */ = {isa = PBXFileReference; fileEncoding = 4; lastKnownFileType = sourcecode.c.h; path = SectorImageView.h; sourceTree = "<group>"; };
		FF8669F519950B3B00428C7C /* SectorImageView.m */ = {isa = PBXFileReference; fileEncoding = 4; lastKnownFileType = sourcecode.c.objc; path = SectorImageView.m; sourceTree = "<group>"; };
		FF86EE311998A28E00317CC7 /* RadialMenuContainer.h */ = {isa = PBXFileReference; fileEncoding = 4; lastKnownFileType = sourcecode.c.h; path = RadialMenuContainer.h; sourceTree = "<group>"; };
		FF86EE321998A28E00317CC7 /* RadialMenuContainer.m */ = {isa = PBXFileReference; fileEncoding = 4; lastKnownFileType = sourcecode.c.objc; path = RadialMenuContainer.m; sourceTree = "<group>"; };
		FF86EE341998BFBC00317CC7 /* segmentBigger.png */ = {isa = PBXFileReference; lastKnownFileType = image.png; path = segmentBigger.png; sourceTree = "<group>"; };
		FFFEDBA3199A1F8B0056BAED /* segment01.png */ = {isa = PBXFileReference; lastKnownFileType = image.png; path = segment01.png; sourceTree = "<group>"; };
		FFFEDBA4199A1F8B0056BAED /* segment02.png */ = {isa = PBXFileReference; lastKnownFileType = image.png; path = segment02.png; sourceTree = "<group>"; };
		FFFEDBA5199A1F8B0056BAED /* segment03.png */ = {isa = PBXFileReference; lastKnownFileType = image.png; path = segment03.png; sourceTree = "<group>"; };
		FFFEDBA9199A35370056BAED /* segment03-active.png */ = {isa = PBXFileReference; lastKnownFileType = image.png; path = "segment03-active.png"; sourceTree = "<group>"; };
		FFFEDBAA199A35370056BAED /* segment02-active.png */ = {isa = PBXFileReference; lastKnownFileType = image.png; path = "segment02-active.png"; sourceTree = "<group>"; };
		FFFEDBAB199A35370056BAED /* segment01-active.png */ = {isa = PBXFileReference; lastKnownFileType = image.png; path = "segment01-active.png"; sourceTree = "<group>"; };
/* End PBXFileReference section */

/* Begin PBXFrameworksBuildPhase section */
		FF86699D1994DC1C00428C7C /* Frameworks */ = {
			isa = PBXFrameworksBuildPhase;
			buildActionMask = 2147483647;
			files = (
			);
			runOnlyForDeploymentPostprocessing = 0;
		};
		FF8669B31994DC1D00428C7C /* Frameworks */ = {
			isa = PBXFrameworksBuildPhase;
			buildActionMask = 2147483647;
			files = (
			);
			runOnlyForDeploymentPostprocessing = 0;
		};
/* End PBXFrameworksBuildPhase section */

/* Begin PBXGroup section */
		FF8669971994DC1C00428C7C = {
			isa = PBXGroup;
			children = (
				FF28F186199B786C00C2CD80 /* SenTestingKit.framework */,
				FF8669A21994DC1C00428C7C /* RadialMenuInObjC */,
				FF8669B91994DC1D00428C7C /* RadialMenuInObjCTests */,
				FF8669A11994DC1C00428C7C /* Products */,
			);
			sourceTree = "<group>";
		};
		FF8669A11994DC1C00428C7C /* Products */ = {
			isa = PBXGroup;
			children = (
				FF8669A01994DC1C00428C7C /* RadialMenuInObjC.app */,
				FF8669B61994DC1D00428C7C /* RadialMenuInObjCTests.xctest */,
			);
			name = Products;
			sourceTree = "<group>";
		};
		FF8669A21994DC1C00428C7C /* RadialMenuInObjC */ = {
			isa = PBXGroup;
			children = (
				FF8669D31994E34800428C7C /* assets */,
				FF8669A71994DC1C00428C7C /* AppDelegate.h */,
				FF8669A81994DC1C00428C7C /* AppDelegate.m */,
				FF8669AA1994DC1C00428C7C /* ViewController.h */,
				FF8669AB1994DC1C00428C7C /* ViewController.m */,
				FF8669F21994FBBA00428C7C /* ViewController.xib */,
				FF8669B01994DC1C00428C7C /* Images.xcassets */,
				FF8669A31994DC1C00428C7C /* Supporting Files */,
				FF8669CD1994E00300428C7C /* RadialMenu.h */,
				FF8669CE1994E00300428C7C /* RadialMenu.m */,
				FF8669D01994E1D100428C7C /* SegmentDetail.h */,
				FF8669D11994E1D100428C7C /* SegmentDetail.m */,
				FF8669F419950B3B00428C7C /* SectorImageView.h */,
				FF8669F519950B3B00428C7C /* SectorImageView.m */,
				FF86EE311998A28E00317CC7 /* RadialMenuContainer.h */,
				FF86EE321998A28E00317CC7 /* RadialMenuContainer.m */,
			);
			path = RadialMenuInObjC;
			sourceTree = "<group>";
		};
		FF8669A31994DC1C00428C7C /* Supporting Files */ = {
			isa = PBXGroup;
			children = (
				FF8669A41994DC1C00428C7C /* Info.plist */,
				FF8669A51994DC1C00428C7C /* main.m */,
			);
			name = "Supporting Files";
			sourceTree = "<group>";
		};
		FF8669B91994DC1D00428C7C /* RadialMenuInObjCTests */ = {
			isa = PBXGroup;
			children = (
				FF8669BC1994DC1D00428C7C /* RadialMenuInObjCTests.m */,
				FF8669BA1994DC1D00428C7C /* Supporting Files */,
			);
			path = RadialMenuInObjCTests;
			sourceTree = "<group>";
		};
		FF8669BA1994DC1D00428C7C /* Supporting Files */ = {
			isa = PBXGroup;
			children = (
				FF8669BB1994DC1D00428C7C /* Info.plist */,
			);
			name = "Supporting Files";
			sourceTree = "<group>";
		};
		FF8669D31994E34800428C7C /* assets */ = {
			isa = PBXGroup;
			children = (
				FFFEDBA9199A35370056BAED /* segment03-active.png */,
				FFFEDBAA199A35370056BAED /* segment02-active.png */,
				FFFEDBAB199A35370056BAED /* segment01-active.png */,
				FF86EE341998BFBC00317CC7 /* segmentBigger.png */,
				FF8669D41994E34800428C7C /* bg.png */,
				FF8669EA1994F07C00428C7C /* segmentBig.png */,
				FF8669D51994E34800428C7C /* centerButton.png */,
				FF8669D61994E34800428C7C /* icon0.png */,
				FF8669D71994E34800428C7C /* icon1.png */,
				FF8669D81994E34800428C7C /* icon2.png */,
				FF8669D91994E34800428C7C /* icon3.png */,
				FF8669DA1994E34800428C7C /* icon4.png */,
				FF8669DB1994E34800428C7C /* icon5.png */,
				FF8669DC1994E34800428C7C /* icon6.png */,
				FF8669DD1994E34800428C7C /* icon7.png */,
				FF8669DE1994E34800428C7C /* segment.png */,
				FFFEDBA3199A1F8B0056BAED /* segment01.png */,
				FFFEDBA4199A1F8B0056BAED /* segment02.png */,
				FFFEDBA5199A1F8B0056BAED /* segment03.png */,
			);
			path = assets;
			sourceTree = "<group>";
		};
/* End PBXGroup section */

/* Begin PBXNativeTarget section */
		FF86699F1994DC1C00428C7C /* RadialMenuInObjC */ = {
			isa = PBXNativeTarget;
			buildConfigurationList = FF8669C01994DC1D00428C7C /* Build configuration list for PBXNativeTarget "RadialMenuInObjC" */;
			buildPhases = (
				FF86699C1994DC1C00428C7C /* Sources */,
				FF86699D1994DC1C00428C7C /* Frameworks */,
				FF86699E1994DC1C00428C7C /* Resources */,
			);
			buildRules = (
			);
			dependencies = (
			);
			name = RadialMenuInObjC;
			productName = RadialMenuInObjC;
			productReference = FF8669A01994DC1C00428C7C /* RadialMenuInObjC.app */;
			productType = "com.apple.product-type.application";
		};
		FF8669B51994DC1D00428C7C /* RadialMenuInObjCTests */ = {
			isa = PBXNativeTarget;
			buildConfigurationList = FF8669C31994DC1D00428C7C /* Build configuration list for PBXNativeTarget "RadialMenuInObjCTests" */;
			buildPhases = (
				FF8669B21994DC1D00428C7C /* Sources */,
				FF8669B31994DC1D00428C7C /* Frameworks */,
				FF8669B41994DC1D00428C7C /* Resources */,
			);
			buildRules = (
			);
			dependencies = (
				FF8669B81994DC1D00428C7C /* PBXTargetDependency */,
			);
			name = RadialMenuInObjCTests;
			productName = RadialMenuInObjCTests;
			productReference = FF8669B61994DC1D00428C7C /* RadialMenuInObjCTests.xctest */;
			productType = "com.apple.product-type.bundle.unit-test";
		};
/* End PBXNativeTarget section */

/* Begin PBXProject section */
		FF8669981994DC1C00428C7C /* Project object */ = {
			isa = PBXProject;
			attributes = {
				LastUpgradeCheck = 0600;
				ORGANIZATIONNAME = RapidValue;
				TargetAttributes = {
					FF86699F1994DC1C00428C7C = {
						CreatedOnToolsVersion = 6.0;
					};
					FF8669B51994DC1D00428C7C = {
						CreatedOnToolsVersion = 6.0;
						TestTargetID = FF86699F1994DC1C00428C7C;
					};
				};
			};
			buildConfigurationList = FF86699B1994DC1C00428C7C /* Build configuration list for PBXProject "RadialMenuInObjC" */;
			compatibilityVersion = "Xcode 3.2";
			developmentRegion = English;
			hasScannedForEncodings = 0;
			knownRegions = (
				en,
				Base,
			);
			mainGroup = FF8669971994DC1C00428C7C;
			productRefGroup = FF8669A11994DC1C00428C7C /* Products */;
			projectDirPath = "";
			projectRoot = "";
			targets = (
				FF86699F1994DC1C00428C7C /* RadialMenuInObjC */,
				FF8669B51994DC1D00428C7C /* RadialMenuInObjCTests */,
			);
		};
/* End PBXProject section */

/* Begin PBXResourcesBuildPhase section */
		FF86699E1994DC1C00428C7C /* Resources */ = {
			isa = PBXResourcesBuildPhase;
			buildActionMask = 2147483647;
			files = (
				FF8669F31994FBBA00428C7C /* ViewController.xib in Resources */,
				FFFEDBAC199A35370056BAED /* segment03-active.png in Resources */,
				FF8669EB1994F07C00428C7C /* segmentBig.png in Resources */,
				FF8669E61994E34800428C7C /* icon5.png in Resources */,
				FF8669E41994E34800428C7C /* icon3.png in Resources */,
				FFFEDBA6199A1F8B0056BAED /* segment01.png in Resources */,
				FF8669E91994E34800428C7C /* segment.png in Resources */,
				FF86EE351998BFBC00317CC7 /* segmentBigger.png in Resources */,
				FF8669E11994E34800428C7C /* icon0.png in Resources */,
				FFFEDBAD199A35370056BAED /* segment02-active.png in Resources */,
				FFFEDBA8199A1F8B0056BAED /* segment03.png in Resources */,
				FF8669E71994E34800428C7C /* icon6.png in Resources */,
				FF8669E01994E34800428C7C /* centerButton.png in Resources */,
				FF8669E21994E34800428C7C /* icon1.png in Resources */,
				FFFEDBA7199A1F8B0056BAED /* segment02.png in Resources */,
				FF8669B11994DC1C00428C7C /* Images.xcassets in Resources */,
				FF8669E81994E34800428C7C /* icon7.png in Resources */,
				FF8669E31994E34800428C7C /* icon2.png in Resources */,
				FF8669DF1994E34800428C7C /* bg.png in Resources */,
				FF8669E51994E34800428C7C /* icon4.png in Resources */,
				FFFEDBAE199A35370056BAED /* segment01-active.png in Resources */,
			);
			runOnlyForDeploymentPostprocessing = 0;
		};
		FF8669B41994DC1D00428C7C /* Resources */ = {
			isa = PBXResourcesBuildPhase;
			buildActionMask = 2147483647;
			files = (
			);
			runOnlyForDeploymentPostprocessing = 0;
		};
/* End PBXResourcesBuildPhase section */

/* Begin PBXSourcesBuildPhase section */
		FF86699C1994DC1C00428C7C /* Sources */ = {
			isa = PBXSourcesBuildPhase;
			buildActionMask = 2147483647;
			files = (
				FF8669AC1994DC1C00428C7C /* ViewController.m in Sources */,
				FF8669A91994DC1C00428C7C /* AppDelegate.m in Sources */,
				FF8669A61994DC1C00428C7C /* main.m in Sources */,
				FF8669D21994E1D100428C7C /* SegmentDetail.m in Sources */,
				FF8669F619950B3B00428C7C /* SectorImageView.m in Sources */,
				FF8669CF1994E00300428C7C /* RadialMenu.m in Sources */,
				FF86EE331998A28E00317CC7 /* RadialMenuContainer.m in Sources */,
			);
			runOnlyForDeploymentPostprocessing = 0;
		};
		FF8669B21994DC1D00428C7C /* Sources */ = {
			isa = PBXSourcesBuildPhase;
			buildActionMask = 2147483647;
			files = (
				FF8669BD1994DC1D00428C7C /* RadialMenuInObjCTests.m in Sources */,
			);
			runOnlyForDeploymentPostprocessing = 0;
		};
/* End PBXSourcesBuildPhase section */

/* Begin PBXTargetDependency section */
		FF8669B81994DC1D00428C7C /* PBXTargetDependency */ = {
			isa = PBXTargetDependency;
			target = FF86699F1994DC1C00428C7C /* RadialMenuInObjC */;
			targetProxy = FF8669B71994DC1D00428C7C /* PBXContainerItemProxy */;
		};
/* End PBXTargetDependency section */

/* Begin XCBuildConfiguration section */
		FF8669BE1994DC1D00428C7C /* Debug */ = {
			isa = XCBuildConfiguration;
			buildSettings = {
				ALWAYS_SEARCH_USER_PATHS = NO;
				CLANG_CXX_LANGUAGE_STANDARD = "gnu++0x";
				CLANG_CXX_LIBRARY = "libc++";
				CLANG_ENABLE_MODULES = YES;
				CLANG_ENABLE_OBJC_ARC = YES;
				CLANG_WARN_BOOL_CONVERSION = YES;
				CLANG_WARN_CONSTANT_CONVERSION = YES;
				CLANG_WARN_DIRECT_OBJC_ISA_USAGE = YES_ERROR;
				CLANG_WARN_EMPTY_BODY = YES;
				CLANG_WARN_ENUM_CONVERSION = YES;
				CLANG_WARN_INT_CONVERSION = YES;
				CLANG_WARN_OBJC_ROOT_CLASS = YES_ERROR;
				CLANG_WARN_UNREACHABLE_CODE = YES;
				CLANG_WARN__DUPLICATE_METHOD_MATCH = YES;
				"CODE_SIGN_IDENTITY[sdk=iphoneos*]" = "iPhone Developer";
				COPY_PHASE_STRIP = NO;
				ENABLE_STRICT_OBJC_MSGSEND = YES;
				GCC_C_LANGUAGE_STANDARD = gnu99;
				GCC_DYNAMIC_NO_PIC = NO;
				GCC_OPTIMIZATION_LEVEL = 0;
				GCC_PREPROCESSOR_DEFINITIONS = (
					"DEBUG=1",
					"$(inherited)",
				);
				GCC_SYMBOLS_PRIVATE_EXTERN = NO;
				GCC_WARN_64_TO_32_BIT_CONVERSION = YES;
				GCC_WARN_ABOUT_RETURN_TYPE = YES_ERROR;
				GCC_WARN_UNDECLARED_SELECTOR = YES;
				GCC_WARN_UNINITIALIZED_AUTOS = YES_AGGRESSIVE;
				GCC_WARN_UNUSED_FUNCTION = YES;
				GCC_WARN_UNUSED_VARIABLE = YES;
				IPHONEOS_DEPLOYMENT_TARGET = 6.0;
				MTL_ENABLE_DEBUG_INFO = YES;
				ONLY_ACTIVE_ARCH = YES;
				SDKROOT = iphoneos;
			};
			name = Debug;
		};
		FF8669BF1994DC1D00428C7C /* Release */ = {
			isa = XCBuildConfiguration;
			buildSettings = {
				ALWAYS_SEARCH_USER_PATHS = NO;
				CLANG_CXX_LANGUAGE_STANDARD = "gnu++0x";
				CLANG_CXX_LIBRARY = "libc++";
				CLANG_ENABLE_MODULES = YES;
				CLANG_ENABLE_OBJC_ARC = YES;
				CLANG_WARN_BOOL_CONVERSION = YES;
				CLANG_WARN_CONSTANT_CONVERSION = YES;
				CLANG_WARN_DIRECT_OBJC_ISA_USAGE = YES_ERROR;
				CLANG_WARN_EMPTY_BODY = YES;
				CLANG_WARN_ENUM_CONVERSION = YES;
				CLANG_WARN_INT_CONVERSION = YES;
				CLANG_WARN_OBJC_ROOT_CLASS = YES_ERROR;
				CLANG_WARN_UNREACHABLE_CODE = YES;
				CLANG_WARN__DUPLICATE_METHOD_MATCH = YES;
				"CODE_SIGN_IDENTITY[sdk=iphoneos*]" = "iPhone Developer";
				COPY_PHASE_STRIP = YES;
				ENABLE_NS_ASSERTIONS = NO;
				ENABLE_STRICT_OBJC_MSGSEND = YES;
				GCC_C_LANGUAGE_STANDARD = gnu99;
				GCC_WARN_64_TO_32_BIT_CONVERSION = YES;
				GCC_WARN_ABOUT_RETURN_TYPE = YES_ERROR;
				GCC_WARN_UNDECLARED_SELECTOR = YES;
				GCC_WARN_UNINITIALIZED_AUTOS = YES_AGGRESSIVE;
				GCC_WARN_UNUSED_FUNCTION = YES;
				GCC_WARN_UNUSED_VARIABLE = YES;
				IPHONEOS_DEPLOYMENT_TARGET = 6.0;
				MTL_ENABLE_DEBUG_INFO = NO;
				SDKROOT = iphoneos;
				VALIDATE_PRODUCT = YES;
			};
			name = Release;
		};
		FF8669C11994DC1D00428C7C /* Debug */ = {
			isa = XCBuildConfiguration;
			buildSettings = {
				ASSETCATALOG_COMPILER_APPICON_NAME = AppIcon;
				ASSETCATALOG_COMPILER_LAUNCHIMAGE_NAME = LaunchImage;
				CODE_SIGN_IDENTITY = "iPhone Developer: Sivakumar Nair (5KGN464P99)";
				"CODE_SIGN_IDENTITY[sdk=iphoneos*]" = "iPhone Developer: Sivakumar Nair (5KGN464P99)";
				FRAMEWORK_SEARCH_PATHS = (
					"$(inherited)",
					"$(DEVELOPER_FRAMEWORKS_DIR)",
				);
				INFOPLIST_FILE = RadialMenuInObjC/Info.plist;
				IPHONEOS_DEPLOYMENT_TARGET = 6.0;
				LD_RUNPATH_SEARCH_PATHS = "$(inherited) @executable_path/Frameworks";
				PRODUCT_NAME = "$(TARGET_NAME)";
				PROVISIONING_PROFILE = "E551EAA8-415E-4E5D-9485-7A80AE5F9551";
			};
			name = Debug;
		};
		FF8669C21994DC1D00428C7C /* Release */ = {
			isa = XCBuildConfiguration;
			buildSettings = {
				ASSETCATALOG_COMPILER_APPICON_NAME = AppIcon;
				ASSETCATALOG_COMPILER_LAUNCHIMAGE_NAME = LaunchImage;
				CODE_SIGN_IDENTITY = "iPhone Developer: Sivakumar Nair (5KGN464P99)";
				FRAMEWORK_SEARCH_PATHS = (
					"$(inherited)",
					"$(DEVELOPER_FRAMEWORKS_DIR)",
				);
				INFOPLIST_FILE = RadialMenuInObjC/Info.plist;
				IPHONEOS_DEPLOYMENT_TARGET = 6.0;
				LD_RUNPATH_SEARCH_PATHS = "$(inherited) @executable_path/Frameworks";
				PRODUCT_NAME = "$(TARGET_NAME)";
				PROVISIONING_PROFILE = "E551EAA8-415E-4E5D-9485-7A80AE5F9551";
			};
			name = Release;
		};
		FF8669C41994DC1D00428C7C /* Debug */ = {
			isa = XCBuildConfiguration;
			buildSettings = {
				BUNDLE_LOADER = "$(TEST_HOST)";
				FRAMEWORK_SEARCH_PATHS = (
					"$(SDKROOT)/Developer/Library/Frameworks",
					"$(inherited)",
				);
				GCC_PREPROCESSOR_DEFINITIONS = (
					"DEBUG=1",
					"$(inherited)",
				);
				INFOPLIST_FILE = RadialMenuInObjCTests/Info.plist;
				LD_RUNPATH_SEARCH_PATHS = "$(inherited) @executable_path/Frameworks @loader_path/Frameworks";
				PRODUCT_NAME = "$(TARGET_NAME)";
				TEST_HOST = "$(BUILT_PRODUCTS_DIR)/RadialMenuInObjC.app/RadialMenuInObjC";
			};
			name = Debug;
		};
		FF8669C51994DC1D00428C7C /* Release */ = {
			isa = XCBuildConfiguration;
			buildSettings = {
				BUNDLE_LOADER = "$(TEST_HOST)";
				FRAMEWORK_SEARCH_PATHS = (
					"$(SDKROOT)/Developer/Library/Frameworks",
					"$(inherited)",
				);
				INFOPLIST_FILE = RadialMenuInObjCTests/Info.plist;
				LD_RUNPATH_SEARCH_PATHS = "$(inherited) @executable_path/Frameworks @loader_path/Frameworks";
				PRODUCT_NAME = "$(TARGET_NAME)";
				TEST_HOST = "$(BUILT_PRODUCTS_DIR)/RadialMenuInObjC.app/RadialMenuInObjC";
			};
			name = Release;
		};
/* End XCBuildConfiguration section */

/* Begin XCConfigurationList section */
		FF86699B1994DC1C00428C7C /* Build configuration list for PBXProject "RadialMenuInObjC" */ = {
			isa = XCConfigurationList;
			buildConfigurations = (
				FF8669BE1994DC1D00428C7C /* Debug */,
				FF8669BF1994DC1D00428C7C /* Release */,
			);
			defaultConfigurationIsVisible = 0;
			defaultConfigurationName = Release;
		};
		FF8669C01994DC1D00428C7C /* Build configuration list for PBXNativeTarget "RadialMenuInObjC" */ = {
			isa = XCConfigurationList;
			buildConfigurations = (
				FF8669C11994DC1D00428C7C /* Debug */,
				FF8669C21994DC1D00428C7C /* Release */,
			);
			defaultConfigurationIsVisible = 0;
			defaultConfigurationName = Release;
		};
		FF8669C31994DC1D00428C7C /* Build configuration list for PBXNativeTarget "RadialMenuInObjCTests" */ = {
			isa = XCConfigurationList;
			buildConfigurations = (
				FF8669C41994DC1D00428C7C /* Debug */,
				FF8669C51994DC1D00428C7C /* Release */,
			);
			defaultConfigurationIsVisible = 0;
			defaultConfigurationName = Release;
		};
/* End XCConfigurationList section */
	};
	rootObject = FF8669981994DC1C00428C7C /* Project object */;
}
